
Microsoft Visual Studio Solution File, Format Version 12.00
# Visual Studio Version 17
VisualStudioVersion = 17.10.35122.118
MinimumVisualStudioVersion = 10.0.40219.1
Project("{9A19103F-16F7-4668-BE54-9A1E7A4F7556}") = "ConsoleApp1", "ConsoleApp1.csproj", "{9382A3A7-F13D-4E86-8671-15948B67929E}"
EndProject
Project("{9A19103F-16F7-4668-BE54-9A1E7A4F7556}") = "1372", "..\1372\1372.csproj", "{248F73D9-329C-4921-8B64-3FED6A94962A}"
EndProject
Project("{FAE04EC0-301F-11D3-BF4B-00C04F79EFBC}") = "1373", "..\1373\1373.csproj", "{25392683-C35E-4962-94E3-DD8701E36F35}"
EndProject
Project("{FAE04EC0-301F-11D3-BF4B-00C04F79EFBC}") = "1374", "..\1374\1374.csproj", "{2F49423E-52F9-485F-9D1A-C4082A615AC1}"
EndProject
Project("{FAE04EC0-301F-11D3-BF4B-00C04F79EFBC}") = "1375", "..\1375\1375.csproj", "{F97EF8A4-B284-44EE-AA03-4190A9D68112}"
EndProject
Project("{FAE04EC0-301F-11D3-BF4B-00C04F79EFBC}") = "1376", "..\1376\1376.csproj", "{BBB9501C-013E-4EB0-897C-60416348252E}"
EndProject
Project("{FAE04EC0-301F-11D3-BF4B-00C04F79EFBC}") = "1377", "..\1377\1377.csproj", "{EF97D095-0C48-4C55-B950-78FA29B47FF5}"
EndProject
Project("{FAE04EC0-301F-11D3-BF4B-00C04F79EFBC}") = "1378", "..\1378\1378.csproj", "{410EBC76-03AA-441A-A913-6981BE9EA177}"
EndProject
Project("{FAE04EC0-301F-11D3-BF4B-00C04F79EFBC}") = "1379", "..\1379\1379.csproj", "{93403EA1-D03C-4291-87E6-DA2C97FE2F32}"
EndProject
Project("{FAE04EC0-301F-11D3-BF4B-00C04F79EFBC}") = "1380", "..\1380\1380.csproj", "{5706CDA0-55EC-433C-846F-9A2047DBEC0B}"
EndProject
Global
	GlobalSection(SolutionConfigurationPlatforms) = preSolution
		Debug|Any CPU = Debug|Any CPU
		Release|Any CPU = Release|Any CPU
	EndGlobalSection
	GlobalSection(ProjectConfigurationPlatforms) = postSolution
		{9382A3A7-F13D-4E86-8671-15948B67929E}.Debug|Any CPU.ActiveCfg = Debug|Any CPU
		{9382A3A7-F13D-4E86-8671-15948B67929E}.Debug|Any CPU.Build.0 = Debug|Any CPU
		{9382A3A7-F13D-4E86-8671-15948B67929E}.Release|Any CPU.ActiveCfg = Release|Any CPU
		{9382A3A7-F13D-4E86-8671-15948B67929E}.Release|Any CPU.Build.0 = Release|Any CPU
		{248F73D9-329C-4921-8B64-3FED6A94962A}.Debug|Any CPU.ActiveCfg = Debug|Any CPU
		{248F73D9-329C-4921-8B64-3FED6A94962A}.Debug|Any CPU.Build.0 = Debug|Any CPU
		{248F73D9-329C-4921-8B64-3FED6A94962A}.Release|Any CPU.ActiveCfg = Release|Any CPU
		{248F73D9-329C-4921-8B64-3FED6A94962A}.Release|Any CPU.Build.0 = Release|Any CPU
		{25392683-C35E-4962-94E3-DD8701E36F35}.Debug|Any CPU.ActiveCfg = Debug|Any CPU
		{25392683-C35E-4962-94E3-DD8701E36F35}.Debug|Any CPU.Build.0 = Debug|Any CPU
		{25392683-C35E-4962-94E3-DD8701E36F35}.Release|Any CPU.ActiveCfg = Release|Any CPU
		{25392683-C35E-4962-94E3-DD8701E36F35}.Release|Any CPU.Build.0 = Release|Any CPU
		{2F49423E-52F9-485F-9D1A-C4082A615AC1}.Debug|Any CPU.ActiveCfg = Debug|Any CPU
		{2F49423E-52F9-485F-9D1A-C4082A615AC1}.Debug|Any CPU.Build.0 = Debug|Any CPU
		{2F49423E-52F9-485F-9D1A-C4082A615AC1}.Release|Any CPU.ActiveCfg = Release|Any CPU
		{2F49423E-52F9-485F-9D1A-C4082A615AC1}.Release|Any CPU.Build.0 = Release|Any CPU
		{F97EF8A4-B284-44EE-AA03-4190A9D68112}.Debug|Any CPU.ActiveCfg = Debug|Any CPU
		{F97EF8A4-B284-44EE-AA03-4190A9D68112}.Debug|Any CPU.Build.0 = Debug|Any CPU
		{F97EF8A4-B284-44EE-AA03-4190A9D68112}.Release|Any CPU.ActiveCfg = Release|Any CPU
		{F97EF8A4-B284-44EE-AA03-4190A9D68112}.Release|Any CPU.Build.0 = Release|Any CPU
		{BBB9501C-013E-4EB0-897C-60416348252E}.Debug|Any CPU.ActiveCfg = Debug|Any CPU
		{BBB9501C-013E-4EB0-897C-60416348252E}.Debug|Any CPU.Build.0 = Debug|Any CPU
		{BBB9501C-013E-4EB0-897C-60416348252E}.Release|Any CPU.ActiveCfg = Release|Any CPU
		{BBB9501C-013E-4EB0-897C-60416348252E}.Release|Any CPU.Build.0 = Release|Any CPU
		{EF97D095-0C48-4C55-B950-78FA29B47FF5}.Debug|Any CPU.ActiveCfg = Debug|Any CPU
		{EF97D095-0C48-4C55-B950-78FA29B47FF5}.Debug|Any CPU.Build.0 = Debug|Any CPU
		{EF97D095-0C48-4C55-B950-78FA29B47FF5}.Release|Any CPU.ActiveCfg = Release|Any CPU
		{EF97D095-0C48-4C55-B950-78FA29B47FF5}.Release|Any CPU.Build.0 = Release|Any CPU
		{410EBC76-03AA-441A-A913-6981BE9EA177}.Debug|Any CPU.ActiveCfg = Debug|Any CPU
		{410EBC76-03AA-441A-A913-6981BE9EA177}.Debug|Any CPU.Build.0 = Debug|Any CPU
		{410EBC76-03AA-441A-A913-6981BE9EA177}.Release|Any CPU.ActiveCfg = Release|Any CPU
		{410EBC76-03AA-441A-A913-6981BE9EA177}.Release|Any CPU.Build.0 = Release|Any CPU
		{93403EA1-D03C-4291-87E6-DA2C97FE2F32}.Debug|Any CPU.ActiveCfg = Debug|Any CPU
		{93403EA1-D03C-4291-87E6-DA2C97FE2F32}.Debug|Any CPU.Build.0 = Debug|Any CPU
		{93403EA1-D03C-4291-87E6-DA2C97FE2F32}.Release|Any CPU.ActiveCfg = Release|Any CPU
		{93403EA1-D03C-4291-87E6-DA2C97FE2F32}.Release|Any CPU.Build.0 = Release|Any CPU
		{5706CDA0-55EC-433C-846F-9A2047DBEC0B}.Debug|Any CPU.ActiveCfg = Debug|Any CPU
		{5706CDA0-55EC-433C-846F-9A2047DBEC0B}.Debug|Any CPU.Build.0 = Debug|Any CPU
		{5706CDA0-55EC-433C-846F-9A2047DBEC0B}.Release|Any CPU.ActiveCfg = Release|Any CPU
		{5706CDA0-55EC-433C-846F-9A2047DBEC0B}.Release|Any CPU.Build.0 = Release|Any CPU
	EndGlobalSection
	GlobalSection(SolutionProperties) = preSolution
		HideSolutionNode = FALSE
	EndGlobalSection
	GlobalSection(ExtensibilityGlobals) = postSolution
		SolutionGuid = {C789B81E-D50E-4DFA-89AC-521E545CF2FF}
	EndGlobalSection
EndGlobal
